
Microsoft Visual Studio Solution File, Format Version 12.00
# Visual Studio Version 16
VisualStudioVersion = 16.0.32630.194
MinimumVisualStudioVersion = 10.0.40219.1
Project("{FAE04EC0-301F-11D3-BF4B-00C04F79EFBC}") = "Demo_RDLC", "Demo_RDLC.csproj", "{B23F30A1-D154-4355-A2C9-6ABC3919DA3D}"
EndProject
Global
	GlobalSection(SolutionConfigurationPlatforms) = preSolution
		Debug|Any CPU = Debug|Any CPU
		Release|Any CPU = Release|Any CPU
	EndGlobalSection
	GlobalSection(ProjectConfigurationPlatforms) = postSolution
		{B23F30A1-D154-4355-A2C9-6ABC3919DA3D}.Debug|Any CPU.ActiveCfg = Debug|Any CPU
		{B23F30A1-D154-4355-A2C9-6ABC3919DA3D}.Debug|Any CPU.Build.0 = Debug|Any CPU
		{B23F30A1-D154-4355-A2C9-6ABC3919DA3D}.Release|Any CPU.ActiveCfg = Release|Any CPU
		{B23F30A1-D154-4355-A2C9-6ABC3919DA3D}.Release|Any CPU.Build.0 = Release|Any CPU
	EndGlobalSection
	GlobalSection(SolutionProperties) = preSolution
		HideSolutionNode = FALSE
	EndGlobalSection
	GlobalSection(ExtensibilityGlobals) = postSolution
		SolutionGuid = {9B4344FC-D4DE-44AA-864D-D88A4720F3E6}
	EndGlobalSection
EndGlobal
